
Microsoft Visual Studio Solution File, Format Version 12.00
# Visual Studio Version 16
VisualStudioVersion = 16.0.29609.76
MinimumVisualStudioVersion = 10.0.40219.1
Project("{FAE04EC0-301F-11D3-BF4B-00C04F79EFBC}") = "TextMaker", "TextMaker\TextMaker.csproj", "{C347EA96-9C2C-40D8-B34A-B295E3D28550}"
EndProject
Global
	GlobalSection(SolutionConfigurationPlatforms) = preSolution
		Debug|Any CPU = Debug|Any CPU
		Release|Any CPU = Release|Any CPU
	EndGlobalSection
	GlobalSection(ProjectConfigurationPlatforms) = postSolution
		{C347EA96-9C2C-40D8-B34A-B295E3D28550}.Debug|Any CPU.ActiveCfg = Debug|Any CPU
		{C347EA96-9C2C-40D8-B34A-B295E3D28550}.Debug|Any CPU.Build.0 = Debug|Any CPU
		{C347EA96-9C2C-40D8-B34A-B295E3D28550}.Release|Any CPU.ActiveCfg = Release|Any CPU
		{C347EA96-9C2C-40D8-B34A-B295E3D28550}.Release|Any CPU.Build.0 = Release|Any CPU
	EndGlobalSection
	GlobalSection(SolutionProperties) = preSolution
		HideSolutionNode = FALSE
	EndGlobalSection
	GlobalSection(ExtensibilityGlobals) = postSolution
		SolutionGuid = {C6E57671-4803-40A7-A34E-75B2C17EDA28}
	EndGlobalSection
EndGlobal
